
Microsoft Visual Studio Solution File, Format Version 12.00
# Visual Studio Version 16
VisualStudioVersion = 16.0.31911.196
MinimumVisualStudioVersion = 10.0.40219.1
Project("{FAE04EC0-301F-11D3-BF4B-00C04F79EFBC}") = "BooksApp.Server", "BooksApp\Server\BooksApp.Server.csproj", "{B69DAE2A-9302-4022-8939-6E4A1311F8A6}"
EndProject
Project("{FAE04EC0-301F-11D3-BF4B-00C04F79EFBC}") = "BooksApp.Client", "BooksApp\Client\BooksApp.Client.csproj", "{6DFB5E6F-DF7F-494C-9F43-B6D2B5C61C25}"
EndProject
Project("{FAE04EC0-301F-11D3-BF4B-00C04F79EFBC}") = "BooksApp.Shared", "BooksApp\Shared\BooksApp.Shared.csproj", "{A3040AC9-2561-4A8B-9FE0-FAAEC48C4403}"
EndProject
Global
	GlobalSection(SolutionConfigurationPlatforms) = preSolution
		Debug|Any CPU = Debug|Any CPU
		Release|Any CPU = Release|Any CPU
	EndGlobalSection
	GlobalSection(ProjectConfigurationPlatforms) = postSolution
		{B69DAE2A-9302-4022-8939-6E4A1311F8A6}.Debug|Any CPU.ActiveCfg = Debug|Any CPU
		{B69DAE2A-9302-4022-8939-6E4A1311F8A6}.Debug|Any CPU.Build.0 = Debug|Any CPU
		{B69DAE2A-9302-4022-8939-6E4A1311F8A6}.Release|Any CPU.ActiveCfg = Release|Any CPU
		{B69DAE2A-9302-4022-8939-6E4A1311F8A6}.Release|Any CPU.Build.0 = Release|Any CPU
		{6DFB5E6F-DF7F-494C-9F43-B6D2B5C61C25}.Debug|Any CPU.ActiveCfg = Debug|Any CPU
		{6DFB5E6F-DF7F-494C-9F43-B6D2B5C61C25}.Debug|Any CPU.Build.0 = Debug|Any CPU
		{6DFB5E6F-DF7F-494C-9F43-B6D2B5C61C25}.Release|Any CPU.ActiveCfg = Release|Any CPU
		{6DFB5E6F-DF7F-494C-9F43-B6D2B5C61C25}.Release|Any CPU.Build.0 = Release|Any CPU
		{A3040AC9-2561-4A8B-9FE0-FAAEC48C4403}.Debug|Any CPU.ActiveCfg = Debug|Any CPU
		{A3040AC9-2561-4A8B-9FE0-FAAEC48C4403}.Debug|Any CPU.Build.0 = Debug|Any CPU
		{A3040AC9-2561-4A8B-9FE0-FAAEC48C4403}.Release|Any CPU.ActiveCfg = Release|Any CPU
		{A3040AC9-2561-4A8B-9FE0-FAAEC48C4403}.Release|Any CPU.Build.0 = Release|Any CPU
	EndGlobalSection
	GlobalSection(SolutionProperties) = preSolution
		HideSolutionNode = FALSE
	EndGlobalSection
	GlobalSection(ExtensibilityGlobals) = postSolution
		SolutionGuid = {40629BF3-41C3-4FFD-A309-B42607C25956}
	EndGlobalSection
EndGlobal
